dependencies:
- name: kibana
  repository: file://../kibana
  version: 0.4.2
- name: elasticsearch
  repository: file://../elasticsearch
  version: 0.1.3
- name: fluent-bit
  repository: https://kubernetes-charts.storage.googleapis.com/
  version: 0.4.0
digest: sha256:6605f7dbfc458c3f09b99e3be38ce4d9bb1355ba1b96640b55a47bab4118a735
generated: 2018-04-22T12:15:38.379156828+02:00
